github.com/OneOfOne/xxhash v1.2.8 h1:31czK/TI9sNkxIKfaUfGlU47BAxQ0ztGgd9vPyqimf8=
github.com/OneOfOne/xxhash v1.2.8/go.mod h1:eZbhyaAYD41SGSSsnmcpxVoRiQ/MPUTjUdIIOT9Um7Q=
github.com/missionMeteora/binny v0.0.0-20201107005147-81a4eac98457 h1:heKbHbv1EI6EmFLBOSQeo+xsPbnT5mWKouv0vOn6tjc=
github.com/missionMeteora/binny v0.0.0-20201107005147-81a4eac98457/go.mod h1:WVIgn4G6+4DTyhec9PV3b6PV0qVARQ9VYqe8fK2Zjy0=
